
Microsoft Visual Studio Solution File, Format Version 12.00
# Visual Studio Version 17
VisualStudioVersion = 17.5.33502.453
MinimumVisualStudioVersion = 10.0.40219.1
Project("{9A19103F-16F7-4668-BE54-9A1E7A4F7556}") = "NMatrix", "NMatrix.csproj", "{590D80F7-1588-4F6A-BC55-03EC65C1CF06}"
EndProject
Project("{FAE04EC0-301F-11D3-BF4B-00C04F79EFBC}") = "TestMatrix", "..\TestMatrix\TestMatrix.csproj", "{E8D94402-7834-4BBA-811E-6BDD629E38E2}"
EndProject
Global
	GlobalSection(SolutionConfigurationPlatforms) = preSolution
		Debug|Any CPU = Debug|Any CPU
		Release|Any CPU = Release|Any CPU
	EndGlobalSection
	GlobalSection(ProjectConfigurationPlatforms) = postSolution
		{590D80F7-1588-4F6A-BC55-03EC65C1CF06}.Debug|Any CPU.ActiveCfg = Debug|Any CPU
		{590D80F7-1588-4F6A-BC55-03EC65C1CF06}.Debug|Any CPU.Build.0 = Debug|Any CPU
		{590D80F7-1588-4F6A-BC55-03EC65C1CF06}.Release|Any CPU.ActiveCfg = Release|Any CPU
		{590D80F7-1588-4F6A-BC55-03EC65C1CF06}.Release|Any CPU.Build.0 = Release|Any CPU
		{E8D94402-7834-4BBA-811E-6BDD629E38E2}.Debug|Any CPU.ActiveCfg = Debug|Any CPU
		{E8D94402-7834-4BBA-811E-6BDD629E38E2}.Debug|Any CPU.Build.0 = Debug|Any CPU
		{E8D94402-7834-4BBA-811E-6BDD629E38E2}.Release|Any CPU.ActiveCfg = Release|Any CPU
		{E8D94402-7834-4BBA-811E-6BDD629E38E2}.Release|Any CPU.Build.0 = Release|Any CPU
	EndGlobalSection
	GlobalSection(SolutionProperties) = preSolution
		HideSolutionNode = FALSE
	EndGlobalSection
	GlobalSection(ExtensibilityGlobals) = postSolution
		SolutionGuid = {4BCE6620-5F0E-4347-916A-60FD596D3C8F}
	EndGlobalSection
EndGlobal
